// !$*UTF8*$!
{
	archiveVersion = 1;
	classes = {
	};
	objectVersion = 50;
	objects = {

/* Begin PBXBuildFile section */
		B9AFB687253C37E30027EA27 /* AppDelegate.swift in Sources */ = {isa = PBXBuildFile; fileRef = B9AFB686253C37E30027EA27 /* AppDelegate.swift */; };
		B9AFB689253C37E30027EA27 /* SceneDelegate.swift in Sources */ = {isa = PBXBuildFile; fileRef = B9AFB688253C37E30027EA27 /* SceneDelegate.swift */; };
		B9AFB68B253C37E30027EA27 /* ViewController.swift in Sources */ = {isa = PBXBuildFile; fileRef = B9AFB68A253C37E30027EA27 /* ViewController.swift */; };
		B9AFB68E253C37E30027EA27 /* Main.storyboard in Resources */ = {isa = PBXBuildFile; fileRef = B9AFB68C253C37E30027EA27 /* Main.storyboard */; };
		B9AFB690253C37E40027EA27 /* Assets.xcassets in Resources */ = {isa = PBXBuildFile; fileRef = B9AFB68F253C37E40027EA27 /* Assets.xcassets */; };
		B9AFB693253C37E40027EA27 /* LaunchScreen.storyboard in Resources */ = {isa = PBXBuildFile; fileRef = B9AFB691253C37E40027EA27 /* LaunchScreen.storyboard */; };
		B9AFB69E253C37E40027EA27 /* I_Am_RichTests.swift in Sources */ = {isa = PBXBuildFile; fileRef = B9AFB69D253C37E40027EA27 /* I_Am_RichTests.swift */; };
		B9AFB6A9253C37E40027EA27 /* I_Am_RichUITests.swift in Sources */ = {isa = PBXBuildFile; fileRef = B9AFB6A8253C37E40027EA27 /* I_Am_RichUITests.swift */; };
/* End PBXBuildFile section */

/* Begin PBXContainerItemProxy section */
		B9AFB69A253C37E40027EA27 /* PBXContainerItemProxy */ = {
			isa = PBXContainerItemProxy;
			containerPortal = B9AFB67B253C37E30027EA27 /* Project object */;
			proxyType = 1;
			remoteGlobalIDString = B9AFB682253C37E30027EA27;
			remoteInfo = "I Am Rich";
		};
		B9AFB6A5253C37E40027EA27 /* PBXContainerItemProxy */ = {
			isa = PBXContainerItemProxy;
			containerPortal = B9AFB67B253C37E30027EA27 /* Project object */;
			proxyType = 1;
			remoteGlobalIDString = B9AFB682253C37E30027EA27;
			remoteInfo = "I Am Rich";
		};
/* End PBXContainerItemProxy section */

/* Begin PBXFileReference section */
		B9AFB683253C37E30027EA27 /* I Am Rich.app */ = {isa = PBXFileReference; explicitFileType = wrapper.application; includeInIndex = 0; path = "I Am Rich.app"; sourceTree = BUILT_PRODUCTS_DIR; };
		B9AFB686253C37E30027EA27 /* AppDelegate.swift */ = {isa = PBXFileReference; lastKnownFileType = sourcecode.swift; path = AppDelegate.swift; sourceTree = "<group>"; };
		B9AFB688253C37E30027EA27 /* SceneDelegate.swift */ = {isa = PBXFileReference; lastKnownFileType = sourcecode.swift; path = SceneDelegate.swift; sourceTree = "<group>"; };
		B9AFB68A253C37E30027EA27 /* ViewController.swift */ = {isa = PBXFileReference; lastKnownFileType = sourcecode.swift; path = ViewController.swift; sourceTree = "<group>"; };
		B9AFB68D253C37E30027EA27 /* Base */ = {isa = PBXFileReference; lastKnownFileType = file.storyboard; name = Base; path = Base.lproj/Main.storyboard; sourceTree = "<group>"; };
		B9AFB68F253C37E40027EA27 /* Assets.xcassets */ = {isa = PBXFileReference; lastKnownFileType = folder.assetcatalog; path = Assets.xcassets; sourceTree = "<group>"; };
		B9AFB692253C37E40027EA27 /* Base */ = {isa = PBXFileReference; lastKnownFileType = file.storyboard; name = Base; path = Base.lproj/LaunchScreen.storyboard; sourceTree = "<group>"; };
		B9AFB694253C37E40027EA27 /* Info.plist */ = {isa = PBXFileReference; lastKnownFileType = text.plist.xml; path = Info.plist; sourceTree = "<group>"; };
		B9AFB699253C37E40027EA27 /* I Am RichTests.xctest */ = {isa = PBXFileReference; explicitFileType = wrapper.cfbundle; includeInIndex = 0; path = "I Am RichTests.xctest"; sourceTree = BUILT_PRODUCTS_DIR; };
		B9AFB69D253C37E40027EA27 /* I_Am_RichTests.swift */ = {isa = PBXFileReference; lastKnownFileType = sourcecode.swift; path = I_Am_RichTests.swift; sourceTree = "<group>"; };
		B9AFB69F253C37E40027EA27 /* Info.plist */ = {isa = PBXFileReference; lastKnownFileType = text.plist.xml; path = Info.plist; sourceTree = "<group>"; };
		B9AFB6A4253C37E40027EA27 /* I Am RichUITests.xctest */ = {isa = PBXFileReference; explicitFileType = wrapper.cfbundle; includeInIndex = 0; path = "I Am RichUITests.xctest"; sourceTree = BUILT_PRODUCTS_DIR; };
		B9AFB6A8253C37E40027EA27 /* I_Am_RichUITests.swift */ = {isa = PBXFileReference; lastKnownFileType = sourcecode.swift; path = I_Am_RichUITests.swift; sourceTree = "<group>"; };
		B9AFB6AA253C37E40027EA27 /* Info.plist */ = {isa = PBXFileReference; lastKnownFileType = text.plist.xml; path = Info.plist; sourceTree = "<group>"; };
/* End PBXFileReference section */

/* Begin PBXFrameworksBuildPhase section */
		B9AFB680253C37E30027EA27 /* Frameworks */ = {
			isa = PBXFrameworksBuildPhase;
			buildActionMask = 2147483647;
			files = (
			);
			runOnlyForDeploymentPostprocessing = 0;
		};
		B9AFB696253C37E40027EA27 /* Frameworks */ = {
			isa = PBXFrameworksBuildPhase;
			buildActionMask = 2147483647;
			files = (
			);
			runOnlyForDeploymentPostprocessing = 0;
		};
		B9AFB6A1253C37E40027EA27 /* Frameworks */ = {
			isa = PBXFrameworksBuildPhase;
			buildActionMask = 2147483647;
			files = (
			);
			runOnlyForDeploymentPostprocessing = 0;
		};
/* End PBXFrameworksBuildPhase section */

/* Begin PBXGroup section */
		B9AFB67A253C37E30027EA27 = {
			isa = PBXGroup;
			children = (
				B9AFB685253C37E30027EA27 /* I Am Rich */,
				B9AFB69C253C37E40027EA27 /* I Am RichTests */,
				B9AFB6A7253C37E40027EA27 /* I Am RichUITests */,
				B9AFB684253C37E30027EA27 /* Products */,
			);
			sourceTree = "<group>";
		};
		B9AFB684253C37E30027EA27 /* Products */ = {
			isa = PBXGroup;
			children = (
				B9AFB683253C37E30027EA27 /* I Am Rich.app */,
				B9AFB699253C37E40027EA27 /* I Am RichTests.xctest */,
				B9AFB6A4253C37E40027EA27 /* I Am RichUITests.xctest */,
			);
			name = Products;
			sourceTree = "<group>";
		};
		B9AFB685253C37E30027EA27 /* I Am Rich */ = {
			isa = PBXGroup;
			children = (
				B9AFB686253C37E30027EA27 /* AppDelegate.swift */,
				B9AFB688253C37E30027EA27 /* SceneDelegate.swift */,
				B9AFB68A253C37E30027EA27 /* ViewController.swift */,
				B9AFB68C253C37E30027EA27 /* Main.storyboard */,
				B9AFB68F253C37E40027EA27 /* Assets.xcassets */,
				B9AFB691253C37E40027EA27 /* LaunchScreen.storyboard */,
				B9AFB694253C37E40027EA27 /* Info.plist */,
			);
			path = "I Am Rich";
			sourceTree = "<group>";
		};
		B9AFB69C253C37E40027EA27 /* I Am RichTests */ = {
			isa = PBXGroup;
			children = (
				B9AFB69D253C37E40027EA27 /* I_Am_RichTests.swift */,
				B9AFB69F253C37E40027EA27 /* Info.plist */,
			);
			path = "I Am RichTests";
			sourceTree = "<group>";
		};
		B9AFB6A7253C37E40027EA27 /* I Am RichUITests */ = {
			isa = PBXGroup;
			children = (
				B9AFB6A8253C37E40027EA27 /* I_Am_RichUITests.swift */,
				B9AFB6AA253C37E40027EA27 /* Info.plist */,
			);
			path = "I Am RichUITests";
			sourceTree = "<group>";
		};
/* End PBXGroup section */

/* Begin PBXNativeTarget section */
		B9AFB682253C37E30027EA27 /* I Am Rich */ = {
			isa = PBXNativeTarget;
			buildConfigurationList = B9AFB6AD253C37E40027EA27 /* Build configuration list for PBXNativeTarget "I Am Rich" */;
			buildPhases = (
				B9AFB67F253C37E30027EA27 /* Sources */,
				B9AFB680253C37E30027EA27 /* Frameworks */,
				B9AFB681253C37E30027EA27 /* Resources */,
			);
			buildRules = (
			);
			dependencies = (
			);
			name = "I Am Rich";
			productName = "I Am Rich";
			productReference = B9AFB683253C37E30027EA27 /* I Am Rich.app */;
			productType = "com.apple.product-type.application";
		};
		B9AFB698253C37E40027EA27 /* I Am RichTests */ = {
			isa = PBXNativeTarget;
			buildConfigurationList = B9AFB6B0253C37E40027EA27 /* Build configuration list for PBXNativeTarget "I Am RichTests" */;
			buildPhases = (
				B9AFB695253C37E40027EA27 /* Sources */,
				B9AFB696253C37E40027EA27 /* Frameworks */,
				B9AFB697253C37E40027EA27 /* Resources */,
			);
			buildRules = (
			);
			dependencies = (
				B9AFB69B253C37E40027EA27 /* PBXTargetDependency */,
			);
			name = "I Am RichTests";
			productName = "I Am RichTests";
			productReference = B9AFB699253C37E40027EA27 /* I Am RichTests.xctest */;
			productType = "com.apple.product-type.bundle.unit-test";
		};
		B9AFB6A3253C37E40027EA27 /* I Am RichUITests */ = {
			isa = PBXNativeTarget;
			buildConfigurationList = B9AFB6B3253C37E40027EA27 /* Build configuration list for PBXNativeTarget "I Am RichUITests" */;
			buildPhases = (
				B9AFB6A0253C37E40027EA27 /* Sources */,
				B9AFB6A1253C37E40027EA27 /* Frameworks */,
				B9AFB6A2253C37E40027EA27 /* Resources */,
			);
			buildRules = (
			);
			dependencies = (
				B9AFB6A6253C37E40027EA27 /* PBXTargetDependency */,
			);
			name = "I Am RichUITests";
			productName = "I Am RichUITests";
			productReference = B9AFB6A4253C37E40027EA27 /* I Am RichUITests.xctest */;
			productType = "com.apple.product-type.bundle.ui-testing";
		};
/* End PBXNativeTarget section */

/* Begin PBXProject section */
		B9AFB67B253C37E30027EA27 /* Project object */ = {
			isa = PBXProject;
			attributes = {
				LastSwiftUpdateCheck = 1200;
				LastUpgradeCheck = 1200;
				TargetAttributes = {
					B9AFB682253C37E30027EA27 = {
						CreatedOnToolsVersion = 12.0.1;
					};
					B9AFB698253C37E40027EA27 = {
						CreatedOnToolsVersion = 12.0.1;
						TestTargetID = B9AFB682253C37E30027EA27;
					};
					B9AFB6A3253C37E40027EA27 = {
						CreatedOnToolsVersion = 12.0.1;
						TestTargetID = B9AFB682253C37E30027EA27;
					};
				};
			};
			buildConfigurationList = B9AFB67E253C37E30027EA27 /* Build configuration list for PBXProject "I Am Rich" */;
			compatibilityVersion = "Xcode 9.3";
			developmentRegion = en;
			hasScannedForEncodings = 0;
			knownRegions = (
				en,
				Base,
			);
			mainGroup = B9AFB67A253C37E30027EA27;
			productRefGroup = B9AFB684253C37E30027EA27 /* Products */;
			projectDirPath = "";
			projectRoot = "";
			targets = (
				B9AFB682253C37E30027EA27 /* I Am Rich */,
				B9AFB698253C37E40027EA27 /* I Am RichTests */,
				B9AFB6A3253C37E40027EA27 /* I Am RichUITests */,
			);
		};
/* End PBXProject section */

/* Begin PBXResourcesBuildPhase section */
		B9AFB681253C37E30027EA27 /* Resources */ = {
			isa = PBXResourcesBuildPhase;
			buildActionMask = 2147483647;
			files = (
				B9AFB693253C37E40027EA27 /* LaunchScreen.storyboard in Resources */,
				B9AFB690253C37E40027EA27 /* Assets.xcassets in Resources */,
				B9AFB68E253C37E30027EA27 /* Main.storyboard in Resources */,
			);
			runOnlyForDeploymentPostprocessing = 0;
		};
		B9AFB697253C37E40027EA27 /* Resources */ = {
			isa = PBXResourcesBuildPhase;
			buildActionMask = 2147483647;
			files = (
			);
			runOnlyForDeploymentPostprocessing = 0;
		};
		B9AFB6A2253C37E40027EA27 /* Resources */ = {
			isa = PBXResourcesBuildPhase;
			buildActionMask = 2147483647;
			files = (
			);
			runOnlyForDeploymentPostprocessing = 0;
		};
/* End PBXResourcesBuildPhase section */

/* Begin PBXSourcesBuildPhase section */
		B9AFB67F253C37E30027EA27 /* Sources */ = {
			isa = PBXSourcesBuildPhase;
			buildActionMask = 2147483647;
			files = (
				B9AFB68B253C37E30027EA27 /* ViewController.swift in Sources */,
				B9AFB687253C37E30027EA27 /* AppDelegate.swift in Sources */,
				B9AFB689253C37E30027EA27 /* SceneDelegate.swift in Sources */,
			);
			runOnlyForDeploymentPostprocessing = 0;
		};
		B9AFB695253C37E40027EA27 /* Sources */ = {
			isa = PBXSourcesBuildPhase;
			buildActionMask = 2147483647;
			files = (
				B9AFB69E253C37E40027EA27 /* I_Am_RichTests.swift in Sources */,
			);
			runOnlyForDeploymentPostprocessing = 0;
		};
		B9AFB6A0253C37E40027EA27 /* Sources */ = {
			isa = PBXSourcesBuildPhase;
			buildActionMask = 2147483647;
			files = (
				B9AFB6A9253C37E40027EA27 /* I_Am_RichUITests.swift in Sources */,
			);
			runOnlyForDeploymentPostprocessing = 0;
		};
/* End PBXSourcesBuildPhase section */

/* Begin PBXTargetDependency section */
		B9AFB69B253C37E40027EA27 /* PBXTargetDependency */ = {
			isa = PBXTargetDependency;
			target = B9AFB682253C37E30027EA27 /* I Am Rich */;
			targetProxy = B9AFB69A253C37E40027EA27 /* PBXContainerItemProxy */;
		};
		B9AFB6A6253C37E40027EA27 /* PBXTargetDependency */ = {
			isa = PBXTargetDependency;
			target = B9AFB682253C37E30027EA27 /* I Am Rich */;
			targetProxy = B9AFB6A5253C37E40027EA27 /* PBXContainerItemProxy */;
		};
/* End PBXTargetDependency section */

/* Begin PBXVariantGroup section */
		B9AFB68C253C37E30027EA27 /* Main.storyboard */ = {
			isa = PBXVariantGroup;
			children = (
				B9AFB68D253C37E30027EA27 /* Base */,
			);
			name = Main.storyboard;
			sourceTree = "<group>";
		};
		B9AFB691253C37E40027EA27 /* LaunchScreen.storyboard */ = {
			isa = PBXVariantGroup;
			children = (
				B9AFB692253C37E40027EA27 /* Base */,
			);
			name = LaunchScreen.storyboard;
			sourceTree = "<group>";
		};
/* End PBXVariantGroup section */

/* Begin XCBuildConfiguration section */
		B9AFB6AB253C37E40027EA27 /* Debug */ = {
			isa = XCBuildConfiguration;
			buildSettings = {
				ALWAYS_SEARCH_USER_PATHS = NO;
				CLANG_ANALYZER_NONNULL = YES;
				CLANG_ANALYZER_NUMBER_OBJECT_CONVERSION = YES_AGGRESSIVE;
				CLANG_CXX_LANGUAGE_STANDARD = "gnu++14";
				CLANG_CXX_LIBRARY = "libc++";
				CLANG_ENABLE_MODULES = YES;
				CLANG_ENABLE_OBJC_ARC = YES;
				CLANG_ENABLE_OBJC_WEAK = YES;
				CLANG_WARN_BLOCK_CAPTURE_AUTORELEASING = YES;
				CLANG_WARN_BOOL_CONVERSION = YES;
				CLANG_WARN_COMMA = YES;
				CLANG_WARN_CONSTANT_CONVERSION = YES;
				CLANG_WARN_DEPRECATED_OBJC_IMPLEMENTATIONS = YES;
				CLANG_WARN_DIRECT_OBJC_ISA_USAGE = YES_ERROR;
				CLANG_WARN_DOCUMENTATION_COMMENTS = YES;
				CLANG_WARN_EMPTY_BODY = YES;
				CLANG_WARN_ENUM_CONVERSION = YES;
				CLANG_WARN_INFINITE_RECURSION = YES;
				CLANG_WARN_INT_CONVERSION = YES;
				CLANG_WARN_NON_LITERAL_NULL_CONVERSION = YES;
				CLANG_WARN_OBJC_IMPLICIT_RETAIN_SELF = YES;
				CLANG_WARN_OBJC_LITERAL_CONVERSION = YES;
				CLANG_WARN_OBJC_ROOT_CLASS = YES_ERROR;
				CLANG_WARN_QUOTED_INCLUDE_IN_FRAMEWORK_HEADER = YES;
				CLANG_WARN_RANGE_LOOP_ANALYSIS = YES;
				CLANG_WARN_STRICT_PROTOTYPES = YES;
				CLANG_WARN_SUSPICIOUS_MOVE = YES;
				CLANG_WARN_UNGUARDED_AVAILABILITY = YES_AGGRESSIVE;
				CLANG_WARN_UNREACHABLE_CODE = YES;
				CLANG_WARN__DUPLICATE_METHOD_MATCH = YES;
				COPY_PHASE_STRIP = NO;
				DEBUG_INFORMATION_FORMAT = dwarf;
				ENABLE_STRICT_OBJC_MSGSEND = YES;
				ENABLE_TESTABILITY = YES;
				GCC_C_LANGUAGE_STANDARD = gnu11;
				GCC_DYNAMIC_NO_PIC = NO;
				GCC_NO_COMMON_BLOCKS = YES;
				GCC_OPTIMIZATION_LEVEL = 0;
				GCC_PREPROCESSOR_DEFINITIONS = (
					"DEBUG=1",
					"$(inherited)",
				);
				GCC_WARN_64_TO_32_BIT_CONVERSION = YES;
				GCC_WARN_ABOUT_RETURN_TYPE = YES_ERROR;
				GCC_WARN_UNDECLARED_SELECTOR = YES;
				GCC_WARN_UNINITIALIZED_AUTOS = YES_AGGRESSIVE;
				GCC_WARN_UNUSED_FUNCTION = YES;
				GCC_WARN_UNUSED_VARIABLE = YES;
				IPHONEOS_DEPLOYMENT_TARGET = 14.0;
				MTL_ENABLE_DEBUG_INFO = INCLUDE_SOURCE;
				MTL_FAST_MATH = YES;
				ONLY_ACTIVE_ARCH = YES;
				SDKROOT = iphoneos;
				SWIFT_ACTIVE_COMPILATION_CONDITIONS = DEBUG;
				SWIFT_OPTIMIZATION_LEVEL = "-Onone";
			};
			name = Debug;
		};
		B9AFB6AC253C37E40027EA27 /* Release */ = {
			isa = XCBuildConfiguration;
			buildSettings = {
				ALWAYS_SEARCH_USER_PATHS = NO;
				CLANG_ANALYZER_NONNULL = YES;
				CLANG_ANALYZER_NUMBER_OBJECT_CONVERSION = YES_AGGRESSIVE;
				CLANG_CXX_LANGUAGE_STANDARD = "gnu++14";
				CLANG_CXX_LIBRARY = "libc++";
				CLANG_ENABLE_MODULES = YES;
				CLANG_ENABLE_OBJC_ARC = YES;
				CLANG_ENABLE_OBJC_WEAK = YES;
				CLANG_WARN_BLOCK_CAPTURE_AUTORELEASING = YES;
				CLANG_WARN_BOOL_CONVERSION = YES;
				CLANG_WARN_COMMA = YES;
				CLANG_WARN_CONSTANT_CONVERSION = YES;
				CLANG_WARN_DEPRECATED_OBJC_IMPLEMENTATIONS = YES;
				CLANG_WARN_DIRECT_OBJC_ISA_USAGE = YES_ERROR;
				CLANG_WARN_DOCUMENTATION_COMMENTS = YES;
				CLANG_WARN_EMPTY_BODY = YES;
				CLANG_WARN_ENUM_CONVERSION = YES;
				CLANG_WARN_INFINITE_RECURSION = YES;
				CLANG_WARN_INT_CONVERSION = YES;
				CLANG_WARN_NON_LITERAL_NULL_CONVERSION = YES;
				CLANG_WARN_OBJC_IMPLICIT_RETAIN_SELF = YES;
				CLANG_WARN_OBJC_LITERAL_CONVERSION = YES;
				CLANG_WARN_OBJC_ROOT_CLASS = YES_ERROR;
				CLANG_WARN_QUOTED_INCLUDE_IN_FRAMEWORK_HEADER = YES;
				CLANG_WARN_RANGE_LOOP_ANALYSIS = YES;
				CLANG_WARN_STRICT_PROTOTYPES = YES;
				CLANG_WARN_SUSPICIOUS_MOVE = YES;
				CLANG_WARN_UNGUARDED_AVAILABILITY = YES_AGGRESSIVE;
				CLANG_WARN_UNREACHABLE_CODE = YES;
				CLANG_WARN__DUPLICATE_METHOD_MATCH = YES;
				COPY_PHASE_STRIP = NO;
				DEBUG_INFORMATION_FORMAT = "dwarf-with-dsym";
				ENABLE_NS_ASSERTIONS = NO;
				ENABLE_STRICT_OBJC_MSGSEND = YES;
				GCC_C_LANGUAGE_STANDARD = gnu11;
				GCC_NO_COMMON_BLOCKS = YES;
				GCC_WARN_64_TO_32_BIT_CONVERSION = YES;
				GCC_WARN_ABOUT_RETURN_TYPE = YES_ERROR;
				GCC_WARN_UNDECLARED_SELECTOR = YES;
				GCC_WARN_UNINITIALIZED_AUTOS = YES_AGGRESSIVE;
				GCC_WARN_UNUSED_FUNCTION = YES;
				GCC_WARN_UNUSED_VARIABLE = YES;
				IPHONEOS_DEPLOYMENT_TARGET = 14.0;
				MTL_ENABLE_DEBUG_INFO = NO;
				MTL_FAST_MATH = YES;
				SDKROOT = iphoneos;
				SWIFT_COMPILATION_MODE = wholemodule;
				SWIFT_OPTIMIZATION_LEVEL = "-O";
				VALIDATE_PRODUCT = YES;
			};
			name = Release;
		};
		B9AFB6AE253C37E40027EA27 /* Debug */ = {
			isa = XCBuildConfiguration;
			buildSettings = {
				ASSETCATALOG_COMPILER_APPICON_NAME = AppIcon;
				ASSETCATALOG_COMPILER_GLOBAL_ACCENT_COLOR_NAME = AccentColor;
				CODE_SIGN_STYLE = Automatic;
				INFOPLIST_FILE = "I Am Rich/Info.plist";
				LD_RUNPATH_SEARCH_PATHS = (
					"$(inherited)",
					"@executable_path/Frameworks",
				);
				PRODUCT_BUNDLE_IDENTIFIER = "com.jihwan.I-Am-Rich";
				PRODUCT_NAME = "$(TARGET_NAME)";
				SWIFT_VERSION = 5.0;
				TARGETED_DEVICE_FAMILY = "1,2";
			};
			name = Debug;
		};
		B9AFB6AF253C37E40027EA27 /* Release */ = {
			isa = XCBuildConfiguration;
			buildSettings = {
				ASSETCATALOG_COMPILER_APPICON_NAME = AppIcon;
				ASSETCATALOG_COMPILER_GLOBAL_ACCENT_COLOR_NAME = AccentColor;
				CODE_SIGN_STYLE = Automatic;
				INFOPLIST_FILE = "I Am Rich/Info.plist";
				LD_RUNPATH_SEARCH_PATHS = (
					"$(inherited)",
					"@executable_path/Frameworks",
				);
				PRODUCT_BUNDLE_IDENTIFIER = "com.jihwan.I-Am-Rich";
				PRODUCT_NAME = "$(TARGET_NAME)";
				SWIFT_VERSION = 5.0;
				TARGETED_DEVICE_FAMILY = "1,2";
			};
			name = Release;
		};
		B9AFB6B1253C37E40027EA27 /* Debug */ = {
			isa = XCBuildConfiguration;
			buildSettings = {
				ALWAYS_EMBED_SWIFT_STANDARD_LIBRARIES = YES;
				BUNDLE_LOADER = "$(TEST_HOST)";
				CODE_SIGN_STYLE = Automatic;
				INFOPLIST_FILE = "I Am RichTests/Info.plist";
				IPHONEOS_DEPLOYMENT_TARGET = 14.0;
				LD_RUNPATH_SEARCH_PATHS = (
					"$(inherited)",
					"@executable_path/Frameworks",
					"@loader_path/Frameworks",
				);
				PRODUCT_BUNDLE_IDENTIFIER = "com.jihwan.I-Am-RichTests";
				PRODUCT_NAME = "$(TARGET_NAME)";
				SWIFT_VERSION = 5.0;
				TARGETED_DEVICE_FAMILY = "1,2";
				TEST_HOST = "$(BUILT_PRODUCTS_DIR)/I Am Rich.app/I Am Rich";
			};
			name = Debug;
		};
		B9AFB6B2253C37E40027EA27 /* Release */ = {
			isa = XCBuildConfiguration;
			buildSettings = {
				ALWAYS_EMBED_SWIFT_STANDARD_LIBRARIES = YES;
				BUNDLE_LOADER = "$(TEST_HOST)";
				CODE_SIGN_STYLE = Automatic;
				INFOPLIST_FILE = "I Am RichTests/Info.plist";
				IPHONEOS_DEPLOYMENT_TARGET = 14.0;
				LD_RUNPATH_SEARCH_PATHS = (
					"$(inherited)",
					"@executable_path/Frameworks",
					"@loader_path/Frameworks",
				);
				PRODUCT_BUNDLE_IDENTIFIER = "com.jihwan.I-Am-RichTests";
				PRODUCT_NAME = "$(TARGET_NAME)";
				SWIFT_VERSION = 5.0;
				TARGETED_DEVICE_FAMILY = "1,2";
				TEST_HOST = "$(BUILT_PRODUCTS_DIR)/I Am Rich.app/I Am Rich";
			};
			name = Release;
		};
		B9AFB6B4253C37E40027EA27 /* Debug */ = {
			isa = XCBuildConfiguration;
			buildSettings = {
				ALWAYS_EMBED_SWIFT_STANDARD_LIBRARIES = YES;
				CODE_SIGN_STYLE = Automatic;
				INFOPLIST_FILE = "I Am RichUITests/Info.plist";
				LD_RUNPATH_SEARCH_PATHS = (
					"$(inherited)",
					"@executable_path/Frameworks",
					"@loader_path/Frameworks",
				);
				PRODUCT_BUNDLE_IDENTIFIER = "com.jihwan.I-Am-RichUITests";
				PRODUCT_NAME = "$(TARGET_NAME)";
				SWIFT_VERSION = 5.0;
				TARGETED_DEVICE_FAMILY = "1,2";
				TEST_TARGET_NAME = "I Am Rich";
			};
			name = Debug;
		};
		B9AFB6B5253C37E40027EA27 /* Release */ = {
			isa = XCBuildConfiguration;
			buildSettings = {
				ALWAYS_EMBED_SWIFT_STANDARD_LIBRARIES = YES;
				CODE_SIGN_STYLE = Automatic;
				INFOPLIST_FILE = "I Am RichUITests/Info.plist";
				LD_RUNPATH_SEARCH_PATHS = (
					"$(inherited)",
					"@executable_path/Frameworks",
					"@loader_path/Frameworks",
				);
				PRODUCT_BUNDLE_IDENTIFIER = "com.jihwan.I-Am-RichUITests";
				PRODUCT_NAME = "$(TARGET_NAME)";
				SWIFT_VERSION = 5.0;
				TARGETED_DEVICE_FAMILY = "1,2";
				TEST_TARGET_NAME = "I Am Rich";
			};
			name = Release;
		};
/* End XCBuildConfiguration section */

/* Begin XCConfigurationList section */
		B9AFB67E253C37E30027EA27 /* Build configuration list for PBXProject "I Am Rich" */ = {
			isa = XCConfigurationList;
			buildConfigurations = (
				B9AFB6AB253C37E40027EA27 /* Debug */,
				B9AFB6AC253C37E40027EA27 /* Release */,
			);
			defaultConfigurationIsVisible = 0;
			defaultConfigurationName = Release;
		};
		B9AFB6AD253C37E40027EA27 /* Build configuration list for PBXNativeTarget "I Am Rich" */ = {
			isa = XCConfigurationList;
			buildConfigurations = (
				B9AFB6AE253C37E40027EA27 /* Debug */,
				B9AFB6AF253C37E40027EA27 /* Release */,
			);
			defaultConfigurationIsVisible = 0;
			defaultConfigurationName = Release;
		};
		B9AFB6B0253C37E40027EA27 /* Build configuration list for PBXNativeTarget "I Am RichTests" */ = {
			isa = XCConfigurationList;
			buildConfigurations = (
				B9AFB6B1253C37E40027EA27 /* Debug */,
				B9AFB6B2253C37E40027EA27 /* Release */,
			);
			defaultConfigurationIsVisible = 0;
			defaultConfigurationName = Release;
		};
		B9AFB6B3253C37E40027EA27 /* Build configuration list for PBXNativeTarget "I Am RichUITests" */ = {
			isa = XCConfigurationList;
			buildConfigurations = (
				B9AFB6B4253C37E40027EA27 /* Debug */,
				B9AFB6B5253C37E40027EA27 /* Release */,
			);
			defaultConfigurationIsVisible = 0;
			defaultConfigurationName = Release;
		};
/* End XCConfigurationList section */
	};
	rootObject = B9AFB67B253C37E30027EA27 /* Project object */;
}
